{
  "requires": true,
  "lockfileVersion": 1,
  "dependencies": {
    "spotify-wrapper": {
      "version": "2.1.0",
      "resolved": "http://npm.devtrip.com.ar/spotify-wrapper/-/spotify-wrapper-2.1.0.tgz",
      "integrity": "sha512-/rrelTyIBD88wn31DKvYLf7TMm2l8bnH+uzDZCYzGhga5IcJVeSZzLYs2JzAGgTD12iX5Oq+V6iCpfNPKVF4Ng=="
    }
  }
}
